// !$*UTF8*$!
{
	archiveVersion = 1;
	classes = {
	};
	objectVersion = 46;
	objects = {

/* Begin PBXBuildFile section */
		3FF77D841C4FF624002780A1 /* AppDelegate.swift in Sources */ = {isa = PBXBuildFile; fileRef = 3FF77D831C4FF624002780A1 /* AppDelegate.swift */; };
		3FF77D861C4FF624002780A1 /* ViewController.swift in Sources */ = {isa = PBXBuildFile; fileRef = 3FF77D851C4FF624002780A1 /* ViewController.swift */; };
		3FF77D891C4FF624002780A1 /* Main.storyboard in Resources */ = {isa = PBXBuildFile; fileRef = 3FF77D871C4FF624002780A1 /* Main.storyboard */; };
		3FF77D8B1C4FF624002780A1 /* Assets.xcassets in Resources */ = {isa = PBXBuildFile; fileRef = 3FF77D8A1C4FF624002780A1 /* Assets.xcassets */; };
		3FF77D8E1C4FF624002780A1 /* LaunchScreen.storyboard in Resources */ = {isa = PBXBuildFile; fileRef = 3FF77D8C1C4FF624002780A1 /* LaunchScreen.storyboard */; };
		3FF77D991C4FF625002780A1 /* College_Profile_Builder_1Tests.swift in Sources */ = {isa = PBXBuildFile; fileRef = 3FF77D981C4FF625002780A1 /* College_Profile_Builder_1Tests.swift */; };
		3FF77DA41C4FF625002780A1 /* College_Profile_Builder_1UITests.swift in Sources */ = {isa = PBXBuildFile; fileRef = 3FF77DA31C4FF625002780A1 /* College_Profile_Builder_1UITests.swift */; };
/* End PBXBuildFile section */

/* Begin PBXContainerItemProxy section */
		3FF77D951C4FF625002780A1 /* PBXContainerItemProxy */ = {
			isa = PBXContainerItemProxy;
			containerPortal = 3FF77D781C4FF624002780A1 /* Project object */;
			proxyType = 1;
			remoteGlobalIDString = 3FF77D7F1C4FF624002780A1;
			remoteInfo = "College Profile Builder 1";
		};
		3FF77DA01C4FF625002780A1 /* PBXContainerItemProxy */ = {
			isa = PBXContainerItemProxy;
			containerPortal = 3FF77D781C4FF624002780A1 /* Project object */;
			proxyType = 1;
			remoteGlobalIDString = 3FF77D7F1C4FF624002780A1;
			remoteInfo = "College Profile Builder 1";
		};
/* End PBXContainerItemProxy section */

/* Begin PBXFileReference section */
		3FF77D801C4FF624002780A1 /* College Profile Builder 1.app */ = {isa = PBXFileReference; explicitFileType = wrapper.application; includeInIndex = 0; path = "College Profile Builder 1.app"; sourceTree = BUILT_PRODUCTS_DIR; };
		3FF77D831C4FF624002780A1 /* AppDelegate.swift */ = {isa = PBXFileReference; lastKnownFileType = sourcecode.swift; path = AppDelegate.swift; sourceTree = "<group>"; };
		3FF77D851C4FF624002780A1 /* ViewController.swift */ = {isa = PBXFileReference; lastKnownFileType = sourcecode.swift; path = ViewController.swift; sourceTree = "<group>"; };
		3FF77D881C4FF624002780A1 /* Base */ = {isa = PBXFileReference; lastKnownFileType = file.storyboard; name = Base; path = Base.lproj/Main.storyboard; sourceTree = "<group>"; };
		3FF77D8A1C4FF624002780A1 /* Assets.xcassets */ = {isa = PBXFileReference; lastKnownFileType = folder.assetcatalog; path = Assets.xcassets; sourceTree = "<group>"; };
		3FF77D8D1C4FF624002780A1 /* Base */ = {isa = PBXFileReference; lastKnownFileType = file.storyboard; name = Base; path = Base.lproj/LaunchScreen.storyboard; sourceTree = "<group>"; };
		3FF77D8F1C4FF625002780A1 /* Info.plist */ = {isa = PBXFileReference; lastKnownFileType = text.plist.xml; path = Info.plist; sourceTree = "<group>"; };
		3FF77D941C4FF625002780A1 /* College Profile Builder 1Tests.xctest */ = {isa = PBXFileReference; explicitFileType = wrapper.cfbundle; includeInIndex = 0; path = "College Profile Builder 1Tests.xctest"; sourceTree = BUILT_PRODUCTS_DIR; };
		3FF77D981C4FF625002780A1 /* College_Profile_Builder_1Tests.swift */ = {isa = PBXFileReference; lastKnownFileType = sourcecode.swift; path = College_Profile_Builder_1Tests.swift; sourceTree = "<group>"; };
		3FF77D9A1C4FF625002780A1 /* Info.plist */ = {isa = PBXFileReference; lastKnownFileType = text.plist.xml; path = Info.plist; sourceTree = "<group>"; };
		3FF77D9F1C4FF625002780A1 /* College Profile Builder 1UITests.xctest */ = {isa = PBXFileReference; explicitFileType = wrapper.cfbundle; includeInIndex = 0; path = "College Profile Builder 1UITests.xctest"; sourceTree = BUILT_PRODUCTS_DIR; };
		3FF77DA31C4FF625002780A1 /* College_Profile_Builder_1UITests.swift */ = {isa = PBXFileReference; lastKnownFileType = sourcecode.swift; path = College_Profile_Builder_1UITests.swift; sourceTree = "<group>"; };
		3FF77DA51C4FF625002780A1 /* Info.plist */ = {isa = PBXFileReference; lastKnownFileType = text.plist.xml; path = Info.plist; sourceTree = "<group>"; };
/* End PBXFileReference section */

/* Begin PBXFrameworksBuildPhase section */
		3FF77D7D1C4FF624002780A1 /* Frameworks */ = {
			isa = PBXFrameworksBuildPhase;
			buildActionMask = 2147483647;
			files = (
			);
			runOnlyForDeploymentPostprocessing = 0;
		};
		3FF77D911C4FF625002780A1 /* Frameworks */ = {
			isa = PBXFrameworksBuildPhase;
			buildActionMask = 2147483647;
			files = (
			);
			runOnlyForDeploymentPostprocessing = 0;
		};
		3FF77D9C1C4FF625002780A1 /* Frameworks */ = {
			isa = PBXFrameworksBuildPhase;
			buildActionMask = 2147483647;
			files = (
			);
			runOnlyForDeploymentPostprocessing = 0;
		};
/* End PBXFrameworksBuildPhase section */

/* Begin PBXGroup section */
		3FF77D771C4FF624002780A1 = {
			isa = PBXGroup;
			children = (
				3FF77D821C4FF624002780A1 /* College Profile Builder 1 */,
				3FF77D971C4FF625002780A1 /* College Profile Builder 1Tests */,
				3FF77DA21C4FF625002780A1 /* College Profile Builder 1UITests */,
				3FF77D811C4FF624002780A1 /* Products */,
			);
			sourceTree = "<group>";
		};
		3FF77D811C4FF624002780A1 /* Products */ = {
			isa = PBXGroup;
			children = (
				3FF77D801C4FF624002780A1 /* College Profile Builder 1.app */,
				3FF77D941C4FF625002780A1 /* College Profile Builder 1Tests.xctest */,
				3FF77D9F1C4FF625002780A1 /* College Profile Builder 1UITests.xctest */,
			);
			name = Products;
			sourceTree = "<group>";
		};
		3FF77D821C4FF624002780A1 /* College Profile Builder 1 */ = {
			isa = PBXGroup;
			children = (
				3FF77D831C4FF624002780A1 /* AppDelegate.swift */,
				3FF77D851C4FF624002780A1 /* ViewController.swift */,
				3FF77D871C4FF624002780A1 /* Main.storyboard */,
				3FF77D8A1C4FF624002780A1 /* Assets.xcassets */,
				3FF77D8C1C4FF624002780A1 /* LaunchScreen.storyboard */,
				3FF77D8F1C4FF625002780A1 /* Info.plist */,
			);
			path = "College Profile Builder 1";
			sourceTree = "<group>";
		};
		3FF77D971C4FF625002780A1 /* College Profile Builder 1Tests */ = {
			isa = PBXGroup;
			children = (
				3FF77D981C4FF625002780A1 /* College_Profile_Builder_1Tests.swift */,
				3FF77D9A1C4FF625002780A1 /* Info.plist */,
			);
			path = "College Profile Builder 1Tests";
			sourceTree = "<group>";
		};
		3FF77DA21C4FF625002780A1 /* College Profile Builder 1UITests */ = {
			isa = PBXGroup;
			children = (
				3FF77DA31C4FF625002780A1 /* College_Profile_Builder_1UITests.swift */,
				3FF77DA51C4FF625002780A1 /* Info.plist */,
			);
			path = "College Profile Builder 1UITests";
			sourceTree = "<group>";
		};
/* End PBXGroup section */

/* Begin PBXNativeTarget section */
		3FF77D7F1C4FF624002780A1 /* College Profile Builder 1 */ = {
			isa = PBXNativeTarget;
			buildConfigurationList = 3FF77DA81C4FF625002780A1 /* Build configuration list for PBXNativeTarget "College Profile Builder 1" */;
			buildPhases = (
				3FF77D7C1C4FF624002780A1 /* Sources */,
				3FF77D7D1C4FF624002780A1 /* Frameworks */,
				3FF77D7E1C4FF624002780A1 /* Resources */,
			);
			buildRules = (
			);
			dependencies = (
			);
			name = "College Profile Builder 1";
			productName = "College Profile Builder 1";
			productReference = 3FF77D801C4FF624002780A1 /* College Profile Builder 1.app */;
			productType = "com.apple.product-type.application";
		};
		3FF77D931C4FF625002780A1 /* College Profile Builder 1Tests */ = {
			isa = PBXNativeTarget;
			buildConfigurationList = 3FF77DAB1C4FF625002780A1 /* Build configuration list for PBXNativeTarget "College Profile Builder 1Tests" */;
			buildPhases = (
				3FF77D901C4FF625002780A1 /* Sources */,
				3FF77D911C4FF625002780A1 /* Frameworks */,
				3FF77D921C4FF625002780A1 /* Resources */,
			);
			buildRules = (
			);
			dependencies = (
				3FF77D961C4FF625002780A1 /* PBXTargetDependency */,
			);
			name = "College Profile Builder 1Tests";
			productName = "College Profile Builder 1Tests";
			productReference = 3FF77D941C4FF625002780A1 /* College Profile Builder 1Tests.xctest */;
			productType = "com.apple.product-type.bundle.unit-test";
		};
		3FF77D9E1C4FF625002780A1 /* College Profile Builder 1UITests */ = {
			isa = PBXNativeTarget;
			buildConfigurationList = 3FF77DAE1C4FF625002780A1 /* Build configuration list for PBXNativeTarget "College Profile Builder 1UITests" */;
			buildPhases = (
				3FF77D9B1C4FF625002780A1 /* Sources */,
				3FF77D9C1C4FF625002780A1 /* Frameworks */,
				3FF77D9D1C4FF625002780A1 /* Resources */,
			);
			buildRules = (
			);
			dependencies = (
				3FF77DA11C4FF625002780A1 /* PBXTargetDependency */,
			);
			name = "College Profile Builder 1UITests";
			productName = "College Profile Builder 1UITests";
			productReference = 3FF77D9F1C4FF625002780A1 /* College Profile Builder 1UITests.xctest */;
			productType = "com.apple.product-type.bundle.ui-testing";
		};
/* End PBXNativeTarget section */

/* Begin PBXProject section */
		3FF77D781C4FF624002780A1 /* Project object */ = {
			isa = PBXProject;
			attributes = {
				LastUpgradeCheck = 0700;
				ORGANIZATIONNAME = jcysewski;
				TargetAttributes = {
					3FF77D7F1C4FF624002780A1 = {
						CreatedOnToolsVersion = 7.0.1;
					};
					3FF77D931C4FF625002780A1 = {
						CreatedOnToolsVersion = 7.0.1;
						TestTargetID = 3FF77D7F1C4FF624002780A1;
					};
					3FF77D9E1C4FF625002780A1 = {
						CreatedOnToolsVersion = 7.0.1;
						TestTargetID = 3FF77D7F1C4FF624002780A1;
					};
				};
			};
			buildConfigurationList = 3FF77D7B1C4FF624002780A1 /* Build configuration list for PBXProject "College Profile Builder 1" */;
			compatibilityVersion = "Xcode 3.2";
			developmentRegion = English;
			hasScannedForEncodings = 0;
			knownRegions = (
				en,
				Base,
			);
			mainGroup = 3FF77D771C4FF624002780A1;
			productRefGroup = 3FF77D811C4FF624002780A1 /* Products */;
			projectDirPath = "";
			projectRoot = "";
			targets = (
				3FF77D7F1C4FF624002780A1 /* College Profile Builder 1 */,
				3FF77D931C4FF625002780A1 /* College Profile Builder 1Tests */,
				3FF77D9E1C4FF625002780A1 /* College Profile Builder 1UITests */,
			);
		};
/* End PBXProject section */

/* Begin PBXResourcesBuildPhase section */
		3FF77D7E1C4FF624002780A1 /* Resources */ = {
			isa = PBXResourcesBuildPhase;
			buildActionMask = 2147483647;
			files = (
				3FF77D8E1C4FF624002780A1 /* LaunchScreen.storyboard in Resources */,
				3FF77D8B1C4FF624002780A1 /* Assets.xcassets in Resources */,
				3FF77D891C4FF624002780A1 /* Main.storyboard in Resources */,
			);
			runOnlyForDeploymentPostprocessing = 0;
		};
		3FF77D921C4FF625002780A1 /* Resources */ = {
			isa = PBXResourcesBuildPhase;
			buildActionMask = 2147483647;
			files = (
			);
			runOnlyForDeploymentPostprocessing = 0;
		};
		3FF77D9D1C4FF625002780A1 /* Resources */ = {
			isa = PBXResourcesBuildPhase;
			buildActionMask = 2147483647;
			files = (
			);
			runOnlyForDeploymentPostprocessing = 0;
		};
/* End PBXResourcesBuildPhase section */

/* Begin PBXSourcesBuildPhase section */
		3FF77D7C1C4FF624002780A1 /* Sources */ = {
			isa = PBXSourcesBuildPhase;
			buildActionMask = 2147483647;
			files = (
				3FF77D861C4FF624002780A1 /* ViewController.swift in Sources */,
				3FF77D841C4FF624002780A1 /* AppDelegate.swift in Sources */,
			);
			runOnlyForDeploymentPostprocessing = 0;
		};
		3FF77D901C4FF625002780A1 /* Sources */ = {
			isa = PBXSourcesBuildPhase;
			buildActionMask = 2147483647;
			files = (
				3FF77D991C4FF625002780A1 /* College_Profile_Builder_1Tests.swift in Sources */,
			);
			runOnlyForDeploymentPostprocessing = 0;
		};
		3FF77D9B1C4FF625002780A1 /* Sources */ = {
			isa = PBXSourcesBuildPhase;
			buildActionMask = 2147483647;
			files = (
				3FF77DA41C4FF625002780A1 /* College_Profile_Builder_1UITests.swift in Sources */,
			);
			runOnlyForDeploymentPostprocessing = 0;
		};
/* End PBXSourcesBuildPhase section */

/* Begin PBXTargetDependency section */
		3FF77D961C4FF625002780A1 /* PBXTargetDependency */ = {
			isa = PBXTargetDependency;
			target = 3FF77D7F1C4FF624002780A1 /* College Profile Builder 1 */;
			targetProxy = 3FF77D951C4FF625002780A1 /* PBXContainerItemProxy */;
		};
		3FF77DA11C4FF625002780A1 /* PBXTargetDependency */ = {
			isa = PBXTargetDependency;
			target = 3FF77D7F1C4FF624002780A1 /* College Profile Builder 1 */;
			targetProxy = 3FF77DA01C4FF625002780A1 /* PBXContainerItemProxy */;
		};
/* End PBXTargetDependency section */

/* Begin PBXVariantGroup section */
		3FF77D871C4FF624002780A1 /* Main.storyboard */ = {
			isa = PBXVariantGroup;
			children = (
				3FF77D881C4FF624002780A1 /* Base */,
			);
			name = Main.storyboard;
			sourceTree = "<group>";
		};
		3FF77D8C1C4FF624002780A1 /* LaunchScreen.storyboard */ = {
			isa = PBXVariantGroup;
			children = (
				3FF77D8D1C4FF624002780A1 /* Base */,
			);
			name = LaunchScreen.storyboard;
			sourceTree = "<group>";
		};
/* End PBXVariantGroup section */

/* Begin XCBuildConfiguration section */
		3FF77DA61C4FF625002780A1 /* Debug */ = {
			isa = XCBuildConfiguration;
			buildSettings = {
				ALWAYS_SEARCH_USER_PATHS = NO;
				CLANG_CXX_LANGUAGE_STANDARD = "gnu++0x";
				CLANG_CXX_LIBRARY = "libc++";
				CLANG_ENABLE_MODULES = YES;
				CLANG_ENABLE_OBJC_ARC = YES;
				CLANG_WARN_BOOL_CONVERSION = YES;
				CLANG_WARN_CONSTANT_CONVERSION = YES;
				CLANG_WARN_DIRECT_OBJC_ISA_USAGE = YES_ERROR;
				CLANG_WARN_EMPTY_BODY = YES;
				CLANG_WARN_ENUM_CONVERSION = YES;
				CLANG_WARN_INT_CONVERSION = YES;
				CLANG_WARN_OBJC_ROOT_CLASS = YES_ERROR;
				CLANG_WARN_UNREACHABLE_CODE = YES;
				CLANG_WARN__DUPLICATE_METHOD_MATCH = YES;
				"CODE_SIGN_IDENTITY[sdk=iphoneos*]" = "iPhone Developer";
				COPY_PHASE_STRIP = NO;
				DEBUG_INFORMATION_FORMAT = dwarf;
				ENABLE_STRICT_OBJC_MSGSEND = YES;
				ENABLE_TESTABILITY = YES;
				GCC_C_LANGUAGE_STANDARD = gnu99;
				GCC_DYNAMIC_NO_PIC = NO;
				GCC_NO_COMMON_BLOCKS = YES;
				GCC_OPTIMIZATION_LEVEL = 0;
				GCC_PREPROCESSOR_DEFINITIONS = (
					"DEBUG=1",
					"$(inherited)",
				);
				GCC_WARN_64_TO_32_BIT_CONVERSION = YES;
				GCC_WARN_ABOUT_RETURN_TYPE = YES_ERROR;
				GCC_WARN_UNDECLARED_SELECTOR = YES;
				GCC_WARN_UNINITIALIZED_AUTOS = YES_AGGRESSIVE;
				GCC_WARN_UNUSED_FUNCTION = YES;
				GCC_WARN_UNUSED_VARIABLE = YES;
				IPHONEOS_DEPLOYMENT_TARGET = 9.0;
				MTL_ENABLE_DEBUG_INFO = YES;
				ONLY_ACTIVE_ARCH = YES;
				SDKROOT = iphoneos;
				SWIFT_OPTIMIZATION_LEVEL = "-Onone";
				TARGETED_DEVICE_FAMILY = "1,2";
			};
			name = Debug;
		};
		3FF77DA71C4FF625002780A1 /* Release */ = {
			isa = XCBuildConfiguration;
			buildSettings = {
				ALWAYS_SEARCH_USER_PATHS = NO;
				CLANG_CXX_LANGUAGE_STANDARD = "gnu++0x";
				CLANG_CXX_LIBRARY = "libc++";
				CLANG_ENABLE_MODULES = YES;
				CLANG_ENABLE_OBJC_ARC = YES;
				CLANG_WARN_BOOL_CONVERSION = YES;
				CLANG_WARN_CONSTANT_CONVERSION = YES;
				CLANG_WARN_DIRECT_OBJC_ISA_USAGE = YES_ERROR;
				CLANG_WARN_EMPTY_BODY = YES;
				CLANG_WARN_ENUM_CONVERSION = YES;
				CLANG_WARN_INT_CONVERSION = YES;
				CLANG_WARN_OBJC_ROOT_CLASS = YES_ERROR;
				CLANG_WARN_UNREACHABLE_CODE = YES;
				CLANG_WARN__DUPLICATE_METHOD_MATCH = YES;
				"CODE_SIGN_IDENTITY[sdk=iphoneos*]" = "iPhone Developer";
				COPY_PHASE_STRIP = NO;
				DEBUG_INFORMATION_FORMAT = "dwarf-with-dsym";
				ENABLE_NS_ASSERTIONS = NO;
				ENABLE_STRICT_OBJC_MSGSEND = YES;
				GCC_C_LANGUAGE_STANDARD = gnu99;
				GCC_NO_COMMON_BLOCKS = YES;
				GCC_WARN_64_TO_32_BIT_CONVERSION = YES;
				GCC_WARN_ABOUT_RETURN_TYPE = YES_ERROR;
				GCC_WARN_UNDECLARED_SELECTOR = YES;
				GCC_WARN_UNINITIALIZED_AUTOS = YES_AGGRESSIVE;
				GCC_WARN_UNUSED_FUNCTION = YES;
				GCC_WARN_UNUSED_VARIABLE = YES;
				IPHONEOS_DEPLOYMENT_TARGET = 9.0;
				MTL_ENABLE_DEBUG_INFO = NO;
				SDKROOT = iphoneos;
				TARGETED_DEVICE_FAMILY = "1,2";
				VALIDATE_PRODUCT = YES;
			};
			name = Release;
		};
		3FF77DA91C4FF625002780A1 /* Debug */ = {
			isa = XCBuildConfiguration;
			buildSettings = {
				ASSETCATALOG_COMPILER_APPICON_NAME = AppIcon;
				INFOPLIST_FILE = "College Profile Builder 1/Info.plist";
				LD_RUNPATH_SEARCH_PATHS = "$(inherited) @executable_path/Frameworks";
				PRODUCT_BUNDLE_IDENTIFIER = "jc.College-Profile-Builder-1";
				PRODUCT_NAME = "$(TARGET_NAME)";
			};
			name = Debug;
		};
		3FF77DAA1C4FF625002780A1 /* Release */ = {
			isa = XCBuildConfiguration;
			buildSettings = {
				ASSETCATALOG_COMPILER_APPICON_NAME = AppIcon;
				INFOPLIST_FILE = "College Profile Builder 1/Info.plist";
				LD_RUNPATH_SEARCH_PATHS = "$(inherited) @executable_path/Frameworks";
				PRODUCT_BUNDLE_IDENTIFIER = "jc.College-Profile-Builder-1";
				PRODUCT_NAME = "$(TARGET_NAME)";
			};
			name = Release;
		};
		3FF77DAC1C4FF625002780A1 /* Debug */ = {
			isa = XCBuildConfiguration;
			buildSettings = {
				BUNDLE_LOADER = "$(TEST_HOST)";
				INFOPLIST_FILE = "College Profile Builder 1Tests/Info.plist";
				LD_RUNPATH_SEARCH_PATHS = "$(inherited) @executable_path/Frameworks @loader_path/Frameworks";
				PRODUCT_BUNDLE_IDENTIFIER = "jc.College-Profile-Builder-1Tests";
				PRODUCT_NAME = "$(TARGET_NAME)";
				TEST_HOST = "$(BUILT_PRODUCTS_DIR)/College Profile Builder 1.app/College Profile Builder 1";
			};
			name = Debug;
		};
		3FF77DAD1C4FF625002780A1 /* Release */ = {
			isa = XCBuildConfiguration;
			buildSettings = {
				BUNDLE_LOADER = "$(TEST_HOST)";
				INFOPLIST_FILE = "College Profile Builder 1Tests/Info.plist";
				LD_RUNPATH_SEARCH_PATHS = "$(inherited) @executable_path/Frameworks @loader_path/Frameworks";
				PRODUCT_BUNDLE_IDENTIFIER = "jc.College-Profile-Builder-1Tests";
				PRODUCT_NAME = "$(TARGET_NAME)";
				TEST_HOST = "$(BUILT_PRODUCTS_DIR)/College Profile Builder 1.app/College Profile Builder 1";
			};
			name = Release;
		};
		3FF77DAF1C4FF625002780A1 /* Debug */ = {
			isa = XCBuildConfiguration;
			buildSettings = {
				INFOPLIST_FILE = "College Profile Builder 1UITests/Info.plist";
				LD_RUNPATH_SEARCH_PATHS = "$(inherited) @executable_path/Frameworks @loader_path/Frameworks";
				PRODUCT_BUNDLE_IDENTIFIER = "jc.College-Profile-Builder-1UITests";
				PRODUCT_NAME = "$(TARGET_NAME)";
				TEST_TARGET_NAME = "College Profile Builder 1";
				USES_XCTRUNNER = YES;
			};
			name = Debug;
		};
		3FF77DB01C4FF625002780A1 /* Release */ = {
			isa = XCBuildConfiguration;
			buildSettings = {
				INFOPLIST_FILE = "College Profile Builder 1UITests/Info.plist";
				LD_RUNPATH_SEARCH_PATHS = "$(inherited) @executable_path/Frameworks @loader_path/Frameworks";
				PRODUCT_BUNDLE_IDENTIFIER = "jc.College-Profile-Builder-1UITests";
				PRODUCT_NAME = "$(TARGET_NAME)";
				TEST_TARGET_NAME = "College Profile Builder 1";
				USES_XCTRUNNER = YES;
			};
			name = Release;
		};
/* End XCBuildConfiguration section */

/* Begin XCConfigurationList section */
		3FF77D7B1C4FF624002780A1 /* Build configuration list for PBXProject "College Profile Builder 1" */ = {
			isa = XCConfigurationList;
			buildConfigurations = (
				3FF77DA61C4FF625002780A1 /* Debug */,
				3FF77DA71C4FF625002780A1 /* Release */,
			);
			defaultConfigurationIsVisible = 0;
			defaultConfigurationName = Release;
		};
		3FF77DA81C4FF625002780A1 /* Build configuration list for PBXNativeTarget "College Profile Builder 1" */ = {
			isa = XCConfigurationList;
			buildConfigurations = (
				3FF77DA91C4FF625002780A1 /* Debug */,
				3FF77DAA1C4FF625002780A1 /* Release */,
			);
			defaultConfigurationIsVisible = 0;
		};
		3FF77DAB1C4FF625002780A1 /* Build configuration list for PBXNativeTarget "College Profile Builder 1Tests" */ = {
			isa = XCConfigurationList;
			buildConfigurations = (
				3FF77DAC1C4FF625002780A1 /* Debug */,
				3FF77DAD1C4FF625002780A1 /* Release */,
			);
			defaultConfigurationIsVisible = 0;
		};
		3FF77DAE1C4FF625002780A1 /* Build configuration list for PBXNativeTarget "College Profile Builder 1UITests" */ = {
			isa = XCConfigurationList;
			buildConfigurations = (
				3FF77DAF1C4FF625002780A1 /* Debug */,
				3FF77DB01C4FF625002780A1 /* Release */,
			);
			defaultConfigurationIsVisible = 0;
		};
/* End XCConfigurationList section */
	};
	rootObject = 3FF77D781C4FF624002780A1 /* Project object */;
}
